
Microsoft Visual Studio Solution File, Format Version 12.00
# Visual Studio 15
VisualStudioVersion = 15.0.28010.2050
MinimumVisualStudioVersion = 10.0.40219.1
Project("{9A19103F-16F7-4668-BE54-9A1E7A4F7556}") = "SelfHostedApp", "SelfHostedApp\SelfHostedApp.csproj", "{0C5AE9D0-8C12-4DC2-84D5-68EB01731001}"
EndProject
Project("{FAE04EC0-301F-11D3-BF4B-00C04F79EFBC}") = "DotNetServiceLib", "DotNetServiceLib\DotNetServiceLib.csproj", "{248AB932-0086-414B-AA6C-2C598DEB53D1}"
EndProject
Global
	GlobalSection(SolutionConfigurationPlatforms) = preSolution
		Debug|Any CPU = Debug|Any CPU
		Release|Any CPU = Release|Any CPU
	EndGlobalSection
	GlobalSection(ProjectConfigurationPlatforms) = postSolution
		{0C5AE9D0-8C12-4DC2-84D5-68EB01731001}.Debug|Any CPU.ActiveCfg = Debug|Any CPU
		{0C5AE9D0-8C12-4DC2-84D5-68EB01731001}.Debug|Any CPU.Build.0 = Debug|Any CPU
		{0C5AE9D0-8C12-4DC2-84D5-68EB01731001}.Release|Any CPU.ActiveCfg = Release|Any CPU
		{0C5AE9D0-8C12-4DC2-84D5-68EB01731001}.Release|Any CPU.Build.0 = Release|Any CPU
		{248AB932-0086-414B-AA6C-2C598DEB53D1}.Debug|Any CPU.ActiveCfg = Debug|Any CPU
		{248AB932-0086-414B-AA6C-2C598DEB53D1}.Debug|Any CPU.Build.0 = Debug|Any CPU
		{248AB932-0086-414B-AA6C-2C598DEB53D1}.Release|Any CPU.ActiveCfg = Release|Any CPU
		{248AB932-0086-414B-AA6C-2C598DEB53D1}.Release|Any CPU.Build.0 = Release|Any CPU
	EndGlobalSection
	GlobalSection(SolutionProperties) = preSolution
		HideSolutionNode = FALSE
	EndGlobalSection
	GlobalSection(ExtensibilityGlobals) = postSolution
		SolutionGuid = {5C273989-D525-4398-B09C-7008239D11AF}
	EndGlobalSection
EndGlobal
